// !$*UTF8*$!
{
	archiveVersion = 1;
	classes = {
	};
	objectVersion = 38;
	objects = {
		2407DB61030C58D703CA16AF = {
			isa = PBXFileReference;
			name = "Read Me.html";
			path = "Documentation/Read Me.html";
			refType = 4;
		};
		2407DB62030C590B03CA16AF = {
			children = (
				2407DB63030C590B03CA16AF,
				2407DB64030C590B03CA16AF,
				2407DB66030C590B03CA16AF,
			);
			isa = PBXGroup;
			path = Channel;
			refType = 4;
		};
		2407DB63030C590B03CA16AF = {
			isa = PBXFileReference;
			path = Channel.xml;
			refType = 4;
		};
		2407DB64030C590B03CA16AF = {
			children = (
				2407DB65030C590B03CA16AF,
			);
			isa = PBXVariantGroup;
			name = Channel.nib;
			path = "";
			refType = 4;
		};
		2407DB65030C590B03CA16AF = {
			isa = PBXFileReference;
			name = en;
			path = en.lproj/Channel.nib;
			refType = 4;
		};
		2407DB66030C590B03CA16AF = {
			children = (
				2407DB67030C590B03CA16AF,
			);
			isa = PBXVariantGroup;
			name = LocalizedResources.plist;
			path = "";
			refType = 4;
		};
		2407DB67030C590B03CA16AF = {
			isa = PBXFileReference;
			name = en;
			path = en.lproj/LocalizedResources.plist;
			refType = 4;
		};
//240
//241
//242
//243
//244
//F50
//F51
//F52
//F53
//F54
		F5231FF1030C0E1D01CA1440 = {
			children = (
				2407DB61030C58D703CA16AF,
				F5E000E1030C2E9901CA1440,
				F5231FFF030C0F5201CA1440,
				2407DB62030C590B03CA16AF,
			);
			isa = PBXGroup;
			refType = 4;
		};
		F5231FF3030C0E1D01CA1440 = {
			buildRules = (
			);
			buildSettings = {
				COPY_PHASE_STRIP = NO;
			};
			isa = PBXBuildStyle;
			name = Development;
		};
		F5231FF4030C0E1D01CA1440 = {
			buildRules = (
			);
			buildSettings = {
				COPY_PHASE_STRIP = YES;
			};
			isa = PBXBuildStyle;
			name = Deployment;
		};
		F5231FF5030C0E1D01CA1440 = {
			buildStyles = (
				F5231FF3030C0E1D01CA1440,
				F5231FF4030C0E1D01CA1440,
			);
			isa = PBXProject;
			knownRegions = (
				English,
				Japanese,
				French,
				German,
				en,
			);
			mainGroup = F5231FF1030C0E1D01CA1440;
			projectDirPath = "";
			targets = (
				F523204D030C18FC01CA1440,
			);
		};
		F5231FFF030C0F5201CA1440 = {
			isa = PBXFileReference;
			path = Channel.icns;
			refType = 4;
		};
		F523204D030C18FC01CA1440 = {
			buildPhases = (
			);
			buildSettings = {
				OTHER_CFLAGS = "";
				OTHER_LDFLAGS = "";
				OTHER_REZFLAGS = "";
				PRODUCT_NAME = MyChannel;
				SECTORDER_FLAGS = "";
				WARNING_CFLAGS = "-Wmost -Wno-four-char-constants -Wno-unknown-pragmas";
			};
			dependencies = (
			);
			isa = PBXAggregateTarget;
			name = MyChannel;
			productName = MyChannel;
			shouldUseHeadermap = 0;
		};
		F5E000E1030C2E9901CA1440 = {
			isa = PBXFileReference;
			path = SherlockChannel.xml;
			refType = 4;
		};
	};
	rootObject = F5231FF5030C0E1D01CA1440;
}
